
Microsoft Visual Studio Solution File, Format Version 12.00
# Visual Studio Version 16
VisualStudioVersion = 16.0.31515.178
MinimumVisualStudioVersion = 10.0.40219.1
Project("{FAE04EC0-301F-11D3-BF4B-00C04F79EFBC}") = "deliverable2", "deliverable2\deliverable2.csproj", "{83A4EF73-71D2-4A00-AAA1-8D04242D0713}"
EndProject
Global
	GlobalSection(SolutionConfigurationPlatforms) = preSolution
		Debug|Any CPU = Debug|Any CPU
		Release|Any CPU = Release|Any CPU
	EndGlobalSection
	GlobalSection(ProjectConfigurationPlatforms) = postSolution
		{83A4EF73-71D2-4A00-AAA1-8D04242D0713}.Debug|Any CPU.ActiveCfg = Debug|Any CPU
		{83A4EF73-71D2-4A00-AAA1-8D04242D0713}.Debug|Any CPU.Build.0 = Debug|Any CPU
		{83A4EF73-71D2-4A00-AAA1-8D04242D0713}.Release|Any CPU.ActiveCfg = Release|Any CPU
		{83A4EF73-71D2-4A00-AAA1-8D04242D0713}.Release|Any CPU.Build.0 = Release|Any CPU
	EndGlobalSection
	GlobalSection(SolutionProperties) = preSolution
		HideSolutionNode = FALSE
	EndGlobalSection
	GlobalSection(ExtensibilityGlobals) = postSolution
		SolutionGuid = {AB2169F3-CD37-4F7B-86D1-176CE6A8174D}
	EndGlobalSection
EndGlobal
